
Microsoft Visual Studio Solution File, Format Version 12.00
Project("{FAE04EC0-301F-11D3-BF4B-00C04F79EFBC}") = "OKN.WebApp", "OKN.WebApp\OKN.WebApp.csproj", "{61B1EB1D-B6DF-4BBC-8486-54DD4D3CCE5E}"
EndProject
Project("{FAE04EC0-301F-11D3-BF4B-00C04F79EFBC}") = "OKN.Core", "OKN.Core\OKN.Core.csproj", "{E7108AEB-6974-4254-A863-B62FA911B042}"
EndProject
Global
	GlobalSection(SolutionConfigurationPlatforms) = preSolution
		Debug|Any CPU = Debug|Any CPU
		Release|Any CPU = Release|Any CPU
	EndGlobalSection
	GlobalSection(ProjectConfigurationPlatforms) = postSolution
		{61B1EB1D-B6DF-4BBC-8486-54DD4D3CCE5E}.Debug|Any CPU.ActiveCfg = Debug|Any CPU
		{61B1EB1D-B6DF-4BBC-8486-54DD4D3CCE5E}.Debug|Any CPU.Build.0 = Debug|Any CPU
		{61B1EB1D-B6DF-4BBC-8486-54DD4D3CCE5E}.Release|Any CPU.ActiveCfg = Release|Any CPU
		{61B1EB1D-B6DF-4BBC-8486-54DD4D3CCE5E}.Release|Any CPU.Build.0 = Release|Any CPU
		{E7108AEB-6974-4254-A863-B62FA911B042}.Debug|Any CPU.ActiveCfg = Debug|Any CPU
		{E7108AEB-6974-4254-A863-B62FA911B042}.Debug|Any CPU.Build.0 = Debug|Any CPU
		{E7108AEB-6974-4254-A863-B62FA911B042}.Release|Any CPU.ActiveCfg = Release|Any CPU
		{E7108AEB-6974-4254-A863-B62FA911B042}.Release|Any CPU.Build.0 = Release|Any CPU
	EndGlobalSection
EndGlobal
